
Microsoft Visual Studio Solution File, Format Version 12.00
# Visual Studio 15
VisualStudioVersion = 15.0.27703.2042
MinimumVisualStudioVersion = 10.0.40219.1
Project("{FAE04EC0-301F-11D3-BF4B-00C04F79EFBC}") = "MyList.Test", "MyList.Test\MyList.Test.csproj", "{893F3877-5DC2-4CCF-9140-4696604DEC01}"
EndProject
Project("{9A19103F-16F7-4668-BE54-9A1E7A4F7556}") = "MyList", "MyList1\MyList\MyList.csproj", "{33AEB3A0-2F40-40D9-8536-4501E168DD87}"
EndProject
Global
	GlobalSection(SolutionConfigurationPlatforms) = preSolution
		Debug|Any CPU = Debug|Any CPU
		Release|Any CPU = Release|Any CPU
	EndGlobalSection
	GlobalSection(ProjectConfigurationPlatforms) = postSolution
		{893F3877-5DC2-4CCF-9140-4696604DEC01}.Debug|Any CPU.ActiveCfg = Debug|Any CPU
		{893F3877-5DC2-4CCF-9140-4696604DEC01}.Debug|Any CPU.Build.0 = Debug|Any CPU
		{893F3877-5DC2-4CCF-9140-4696604DEC01}.Release|Any CPU.ActiveCfg = Release|Any CPU
		{893F3877-5DC2-4CCF-9140-4696604DEC01}.Release|Any CPU.Build.0 = Release|Any CPU
		{33AEB3A0-2F40-40D9-8536-4501E168DD87}.Debug|Any CPU.ActiveCfg = Debug|Any CPU
		{33AEB3A0-2F40-40D9-8536-4501E168DD87}.Debug|Any CPU.Build.0 = Debug|Any CPU
		{33AEB3A0-2F40-40D9-8536-4501E168DD87}.Release|Any CPU.ActiveCfg = Release|Any CPU
		{33AEB3A0-2F40-40D9-8536-4501E168DD87}.Release|Any CPU.Build.0 = Release|Any CPU
	EndGlobalSection
	GlobalSection(SolutionProperties) = preSolution
		HideSolutionNode = FALSE
	EndGlobalSection
	GlobalSection(ExtensibilityGlobals) = postSolution
		SolutionGuid = {B278BDDB-9EBF-4BE7-BEB9-F672BC155492}
	EndGlobalSection
EndGlobal
